// !$*UTF8*$!
{
	archiveVersion = 1;
	classes = {
	};
	objectVersion = 50;
	objects = {

/* Begin PBXBuildFile section */
		43E78AF525617517001D5FC3 /* AnimalsApp.swift in Sources */ = {isa = PBXBuildFile; fileRef = 43E78AF425617517001D5FC3 /* AnimalsApp.swift */; };
		43E78AF725617517001D5FC3 /* ContentView.swift in Sources */ = {isa = PBXBuildFile; fileRef = 43E78AF625617517001D5FC3 /* ContentView.swift */; };
		43E78AF92561751B001D5FC3 /* Assets.xcassets in Resources */ = {isa = PBXBuildFile; fileRef = 43E78AF82561751B001D5FC3 /* Assets.xcassets */; };
		43E78AFC2561751B001D5FC3 /* Preview Assets.xcassets in Resources */ = {isa = PBXBuildFile; fileRef = 43E78AFB2561751B001D5FC3 /* Preview Assets.xcassets */; };
		43E78B072561751B001D5FC3 /* AnimalsTests.swift in Sources */ = {isa = PBXBuildFile; fileRef = 43E78B062561751B001D5FC3 /* AnimalsTests.swift */; };
		43E78B122561751B001D5FC3 /* AnimalsUITests.swift in Sources */ = {isa = PBXBuildFile; fileRef = 43E78B112561751B001D5FC3 /* AnimalsUITests.swift */; };
/* End PBXBuildFile section */

/* Begin PBXContainerItemProxy section */
		43E78B032561751B001D5FC3 /* PBXContainerItemProxy */ = {
			isa = PBXContainerItemProxy;
			containerPortal = 43E78AE925617517001D5FC3 /* Project object */;
			proxyType = 1;
			remoteGlobalIDString = 43E78AF025617517001D5FC3;
			remoteInfo = Animals;
		};
		43E78B0E2561751B001D5FC3 /* PBXContainerItemProxy */ = {
			isa = PBXContainerItemProxy;
			containerPortal = 43E78AE925617517001D5FC3 /* Project object */;
			proxyType = 1;
			remoteGlobalIDString = 43E78AF025617517001D5FC3;
			remoteInfo = Animals;
		};
/* End PBXContainerItemProxy section */

/* Begin PBXFileReference section */
		43E78AF125617517001D5FC3 /* Animals.app */ = {isa = PBXFileReference; explicitFileType = wrapper.application; includeInIndex = 0; path = Animals.app; sourceTree = BUILT_PRODUCTS_DIR; };
		43E78AF425617517001D5FC3 /* AnimalsApp.swift */ = {isa = PBXFileReference; lastKnownFileType = sourcecode.swift; path = AnimalsApp.swift; sourceTree = "<group>"; };
		43E78AF625617517001D5FC3 /* ContentView.swift */ = {isa = PBXFileReference; lastKnownFileType = sourcecode.swift; path = ContentView.swift; sourceTree = "<group>"; };
		43E78AF82561751B001D5FC3 /* Assets.xcassets */ = {isa = PBXFileReference; lastKnownFileType = folder.assetcatalog; path = Assets.xcassets; sourceTree = "<group>"; };
		43E78AFB2561751B001D5FC3 /* Preview Assets.xcassets */ = {isa = PBXFileReference; lastKnownFileType = folder.assetcatalog; path = "Preview Assets.xcassets"; sourceTree = "<group>"; };
		43E78AFD2561751B001D5FC3 /* Info.plist */ = {isa = PBXFileReference; lastKnownFileType = text.plist.xml; path = Info.plist; sourceTree = "<group>"; };
		43E78B022561751B001D5FC3 /* AnimalsTests.xctest */ = {isa = PBXFileReference; explicitFileType = wrapper.cfbundle; includeInIndex = 0; path = AnimalsTests.xctest; sourceTree = BUILT_PRODUCTS_DIR; };
		43E78B062561751B001D5FC3 /* AnimalsTests.swift */ = {isa = PBXFileReference; lastKnownFileType = sourcecode.swift; path = AnimalsTests.swift; sourceTree = "<group>"; };
		43E78B082561751B001D5FC3 /* Info.plist */ = {isa = PBXFileReference; lastKnownFileType = text.plist.xml; path = Info.plist; sourceTree = "<group>"; };
		43E78B0D2561751B001D5FC3 /* AnimalsUITests.xctest */ = {isa = PBXFileReference; explicitFileType = wrapper.cfbundle; includeInIndex = 0; path = AnimalsUITests.xctest; sourceTree = BUILT_PRODUCTS_DIR; };
		43E78B112561751B001D5FC3 /* AnimalsUITests.swift */ = {isa = PBXFileReference; lastKnownFileType = sourcecode.swift; path = AnimalsUITests.swift; sourceTree = "<group>"; };
		43E78B132561751B001D5FC3 /* Info.plist */ = {isa = PBXFileReference; lastKnownFileType = text.plist.xml; path = Info.plist; sourceTree = "<group>"; };
/* End PBXFileReference section */

/* Begin PBXFrameworksBuildPhase section */
		43E78AEE25617517001D5FC3 /* Frameworks */ = {
			isa = PBXFrameworksBuildPhase;
			buildActionMask = 2147483647;
			files = (
			);
			runOnlyForDeploymentPostprocessing = 0;
		};
		43E78AFF2561751B001D5FC3 /* Frameworks */ = {
			isa = PBXFrameworksBuildPhase;
			buildActionMask = 2147483647;
			files = (
			);
			runOnlyForDeploymentPostprocessing = 0;
		};
		43E78B0A2561751B001D5FC3 /* Frameworks */ = {
			isa = PBXFrameworksBuildPhase;
			buildActionMask = 2147483647;
			files = (
			);
			runOnlyForDeploymentPostprocessing = 0;
		};
/* End PBXFrameworksBuildPhase section */

/* Begin PBXGroup section */
		43E78AE825617517001D5FC3 = {
			isa = PBXGroup;
			children = (
				43E78AF325617517001D5FC3 /* Animals */,
				43E78B052561751B001D5FC3 /* AnimalsTests */,
				43E78B102561751B001D5FC3 /* AnimalsUITests */,
				43E78AF225617517001D5FC3 /* Products */,
			);
			sourceTree = "<group>";
		};
		43E78AF225617517001D5FC3 /* Products */ = {
			isa = PBXGroup;
			children = (
				43E78AF125617517001D5FC3 /* Animals.app */,
				43E78B022561751B001D5FC3 /* AnimalsTests.xctest */,
				43E78B0D2561751B001D5FC3 /* AnimalsUITests.xctest */,
			);
			name = Products;
			sourceTree = "<group>";
		};
		43E78AF325617517001D5FC3 /* Animals */ = {
			isa = PBXGroup;
			children = (
				43E78AF425617517001D5FC3 /* AnimalsApp.swift */,
				43E78AF625617517001D5FC3 /* ContentView.swift */,
				43E78AF82561751B001D5FC3 /* Assets.xcassets */,
				43E78AFD2561751B001D5FC3 /* Info.plist */,
				43E78AFA2561751B001D5FC3 /* Preview Content */,
			);
			path = Animals;
			sourceTree = "<group>";
		};
		43E78AFA2561751B001D5FC3 /* Preview Content */ = {
			isa = PBXGroup;
			children = (
				43E78AFB2561751B001D5FC3 /* Preview Assets.xcassets */,
			);
			path = "Preview Content";
			sourceTree = "<group>";
		};
		43E78B052561751B001D5FC3 /* AnimalsTests */ = {
			isa = PBXGroup;
			children = (
				43E78B062561751B001D5FC3 /* AnimalsTests.swift */,
				43E78B082561751B001D5FC3 /* Info.plist */,
			);
			path = AnimalsTests;
			sourceTree = "<group>";
		};
		43E78B102561751B001D5FC3 /* AnimalsUITests */ = {
			isa = PBXGroup;
			children = (
				43E78B112561751B001D5FC3 /* AnimalsUITests.swift */,
				43E78B132561751B001D5FC3 /* Info.plist */,
			);
			path = AnimalsUITests;
			sourceTree = "<group>";
		};
/* End PBXGroup section */

/* Begin PBXNativeTarget section */
		43E78AF025617517001D5FC3 /* Animals */ = {
			isa = PBXNativeTarget;
			buildConfigurationList = 43E78B162561751B001D5FC3 /* Build configuration list for PBXNativeTarget "Animals" */;
			buildPhases = (
				43E78AED25617517001D5FC3 /* Sources */,
				43E78AEE25617517001D5FC3 /* Frameworks */,
				43E78AEF25617517001D5FC3 /* Resources */,
			);
			buildRules = (
			);
			dependencies = (
			);
			name = Animals;
			productName = Animals;
			productReference = 43E78AF125617517001D5FC3 /* Animals.app */;
			productType = "com.apple.product-type.application";
		};
		43E78B012561751B001D5FC3 /* AnimalsTests */ = {
			isa = PBXNativeTarget;
			buildConfigurationList = 43E78B192561751B001D5FC3 /* Build configuration list for PBXNativeTarget "AnimalsTests" */;
			buildPhases = (
				43E78AFE2561751B001D5FC3 /* Sources */,
				43E78AFF2561751B001D5FC3 /* Frameworks */,
				43E78B002561751B001D5FC3 /* Resources */,
			);
			buildRules = (
			);
			dependencies = (
				43E78B042561751B001D5FC3 /* PBXTargetDependency */,
			);
			name = AnimalsTests;
			productName = AnimalsTests;
			productReference = 43E78B022561751B001D5FC3 /* AnimalsTests.xctest */;
			productType = "com.apple.product-type.bundle.unit-test";
		};
		43E78B0C2561751B001D5FC3 /* AnimalsUITests */ = {
			isa = PBXNativeTarget;
			buildConfigurationList = 43E78B1C2561751B001D5FC3 /* Build configuration list for PBXNativeTarget "AnimalsUITests" */;
			buildPhases = (
				43E78B092561751B001D5FC3 /* Sources */,
				43E78B0A2561751B001D5FC3 /* Frameworks */,
				43E78B0B2561751B001D5FC3 /* Resources */,
			);
			buildRules = (
			);
			dependencies = (
				43E78B0F2561751B001D5FC3 /* PBXTargetDependency */,
			);
			name = AnimalsUITests;
			productName = AnimalsUITests;
			productReference = 43E78B0D2561751B001D5FC3 /* AnimalsUITests.xctest */;
			productType = "com.apple.product-type.bundle.ui-testing";
		};
/* End PBXNativeTarget section */

/* Begin PBXProject section */
		43E78AE925617517001D5FC3 /* Project object */ = {
			isa = PBXProject;
			attributes = {
				LastSwiftUpdateCheck = 1220;
				LastUpgradeCheck = 1220;
				TargetAttributes = {
					43E78AF025617517001D5FC3 = {
						CreatedOnToolsVersion = 12.2;
					};
					43E78B012561751B001D5FC3 = {
						CreatedOnToolsVersion = 12.2;
						TestTargetID = 43E78AF025617517001D5FC3;
					};
					43E78B0C2561751B001D5FC3 = {
						CreatedOnToolsVersion = 12.2;
						TestTargetID = 43E78AF025617517001D5FC3;
					};
				};
			};
			buildConfigurationList = 43E78AEC25617517001D5FC3 /* Build configuration list for PBXProject "Animals" */;
			compatibilityVersion = "Xcode 9.3";
			developmentRegion = en;
			hasScannedForEncodings = 0;
			knownRegions = (
				en,
				Base,
			);
			mainGroup = 43E78AE825617517001D5FC3;
			productRefGroup = 43E78AF225617517001D5FC3 /* Products */;
			projectDirPath = "";
			projectRoot = "";
			targets = (
				43E78AF025617517001D5FC3 /* Animals */,
				43E78B012561751B001D5FC3 /* AnimalsTests */,
				43E78B0C2561751B001D5FC3 /* AnimalsUITests */,
			);
		};
/* End PBXProject section */

/* Begin PBXResourcesBuildPhase section */
		43E78AEF25617517001D5FC3 /* Resources */ = {
			isa = PBXResourcesBuildPhase;
			buildActionMask = 2147483647;
			files = (
				43E78AFC2561751B001D5FC3 /* Preview Assets.xcassets in Resources */,
				43E78AF92561751B001D5FC3 /* Assets.xcassets in Resources */,
			);
			runOnlyForDeploymentPostprocessing = 0;
		};
		43E78B002561751B001D5FC3 /* Resources */ = {
			isa = PBXResourcesBuildPhase;
			buildActionMask = 2147483647;
			files = (
			);
			runOnlyForDeploymentPostprocessing = 0;
		};
		43E78B0B2561751B001D5FC3 /* Resources */ = {
			isa = PBXResourcesBuildPhase;
			buildActionMask = 2147483647;
			files = (
			);
			runOnlyForDeploymentPostprocessing = 0;
		};
/* End PBXResourcesBuildPhase section */

/* Begin PBXSourcesBuildPhase section */
		43E78AED25617517001D5FC3 /* Sources */ = {
			isa = PBXSourcesBuildPhase;
			buildActionMask = 2147483647;
			files = (
				43E78AF725617517001D5FC3 /* ContentView.swift in Sources */,
				43E78AF525617517001D5FC3 /* AnimalsApp.swift in Sources */,
			);
			runOnlyForDeploymentPostprocessing = 0;
		};
		43E78AFE2561751B001D5FC3 /* Sources */ = {
			isa = PBXSourcesBuildPhase;
			buildActionMask = 2147483647;
			files = (
				43E78B072561751B001D5FC3 /* AnimalsTests.swift in Sources */,
			);
			runOnlyForDeploymentPostprocessing = 0;
		};
		43E78B092561751B001D5FC3 /* Sources */ = {
			isa = PBXSourcesBuildPhase;
			buildActionMask = 2147483647;
			files = (
				43E78B122561751B001D5FC3 /* AnimalsUITests.swift in Sources */,
			);
			runOnlyForDeploymentPostprocessing = 0;
		};
/* End PBXSourcesBuildPhase section */

/* Begin PBXTargetDependency section */
		43E78B042561751B001D5FC3 /* PBXTargetDependency */ = {
			isa = PBXTargetDependency;
			target = 43E78AF025617517001D5FC3 /* Animals */;
			targetProxy = 43E78B032561751B001D5FC3 /* PBXContainerItemProxy */;
		};
		43E78B0F2561751B001D5FC3 /* PBXTargetDependency */ = {
			isa = PBXTargetDependency;
			target = 43E78AF025617517001D5FC3 /* Animals */;
			targetProxy = 43E78B0E2561751B001D5FC3 /* PBXContainerItemProxy */;
		};
/* End PBXTargetDependency section */

/* Begin XCBuildConfiguration section */
		43E78B142561751B001D5FC3 /* Debug */ = {
			isa = XCBuildConfiguration;
			buildSettings = {
				ALWAYS_SEARCH_USER_PATHS = NO;
				CLANG_ANALYZER_NONNULL = YES;
				CLANG_ANALYZER_NUMBER_OBJECT_CONVERSION = YES_AGGRESSIVE;
				CLANG_CXX_LANGUAGE_STANDARD = "gnu++14";
				CLANG_CXX_LIBRARY = "libc++";
				CLANG_ENABLE_MODULES = YES;
				CLANG_ENABLE_OBJC_ARC = YES;
				CLANG_ENABLE_OBJC_WEAK = YES;
				CLANG_WARN_BLOCK_CAPTURE_AUTORELEASING = YES;
				CLANG_WARN_BOOL_CONVERSION = YES;
				CLANG_WARN_COMMA = YES;
				CLANG_WARN_CONSTANT_CONVERSION = YES;
				CLANG_WARN_DEPRECATED_OBJC_IMPLEMENTATIONS = YES;
				CLANG_WARN_DIRECT_OBJC_ISA_USAGE = YES_ERROR;
				CLANG_WARN_DOCUMENTATION_COMMENTS = YES;
				CLANG_WARN_EMPTY_BODY = YES;
				CLANG_WARN_ENUM_CONVERSION = YES;
				CLANG_WARN_INFINITE_RECURSION = YES;
				CLANG_WARN_INT_CONVERSION = YES;
				CLANG_WARN_NON_LITERAL_NULL_CONVERSION = YES;
				CLANG_WARN_OBJC_IMPLICIT_RETAIN_SELF = YES;
				CLANG_WARN_OBJC_LITERAL_CONVERSION = YES;
				CLANG_WARN_OBJC_ROOT_CLASS = YES_ERROR;
				CLANG_WARN_QUOTED_INCLUDE_IN_FRAMEWORK_HEADER = YES;
				CLANG_WARN_RANGE_LOOP_ANALYSIS = YES;
				CLANG_WARN_STRICT_PROTOTYPES = YES;
				CLANG_WARN_SUSPICIOUS_MOVE = YES;
				CLANG_WARN_UNGUARDED_AVAILABILITY = YES_AGGRESSIVE;
				CLANG_WARN_UNREACHABLE_CODE = YES;
				CLANG_WARN__DUPLICATE_METHOD_MATCH = YES;
				COPY_PHASE_STRIP = NO;
				DEBUG_INFORMATION_FORMAT = dwarf;
				ENABLE_STRICT_OBJC_MSGSEND = YES;
				ENABLE_TESTABILITY = YES;
				GCC_C_LANGUAGE_STANDARD = gnu11;
				GCC_DYNAMIC_NO_PIC = NO;
				GCC_NO_COMMON_BLOCKS = YES;
				GCC_OPTIMIZATION_LEVEL = 0;
				GCC_PREPROCESSOR_DEFINITIONS = (
					"DEBUG=1",
					"$(inherited)",
				);
				GCC_WARN_64_TO_32_BIT_CONVERSION = YES;
				GCC_WARN_ABOUT_RETURN_TYPE = YES_ERROR;
				GCC_WARN_UNDECLARED_SELECTOR = YES;
				GCC_WARN_UNINITIALIZED_AUTOS = YES_AGGRESSIVE;
				GCC_WARN_UNUSED_FUNCTION = YES;
				GCC_WARN_UNUSED_VARIABLE = YES;
				IPHONEOS_DEPLOYMENT_TARGET = 14.2;
				MTL_ENABLE_DEBUG_INFO = INCLUDE_SOURCE;
				MTL_FAST_MATH = YES;
				ONLY_ACTIVE_ARCH = YES;
				SDKROOT = iphoneos;
				SWIFT_ACTIVE_COMPILATION_CONDITIONS = DEBUG;
				SWIFT_OPTIMIZATION_LEVEL = "-Onone";
			};
			name = Debug;
		};
		43E78B152561751B001D5FC3 /* Release */ = {
			isa = XCBuildConfiguration;
			buildSettings = {
				ALWAYS_SEARCH_USER_PATHS = NO;
				CLANG_ANALYZER_NONNULL = YES;
				CLANG_ANALYZER_NUMBER_OBJECT_CONVERSION = YES_AGGRESSIVE;
				CLANG_CXX_LANGUAGE_STANDARD = "gnu++14";
				CLANG_CXX_LIBRARY = "libc++";
				CLANG_ENABLE_MODULES = YES;
				CLANG_ENABLE_OBJC_ARC = YES;
				CLANG_ENABLE_OBJC_WEAK = YES;
				CLANG_WARN_BLOCK_CAPTURE_AUTORELEASING = YES;
				CLANG_WARN_BOOL_CONVERSION = YES;
				CLANG_WARN_COMMA = YES;
				CLANG_WARN_CONSTANT_CONVERSION = YES;
				CLANG_WARN_DEPRECATED_OBJC_IMPLEMENTATIONS = YES;
				CLANG_WARN_DIRECT_OBJC_ISA_USAGE = YES_ERROR;
				CLANG_WARN_DOCUMENTATION_COMMENTS = YES;
				CLANG_WARN_EMPTY_BODY = YES;
				CLANG_WARN_ENUM_CONVERSION = YES;
				CLANG_WARN_INFINITE_RECURSION = YES;
				CLANG_WARN_INT_CONVERSION = YES;
				CLANG_WARN_NON_LITERAL_NULL_CONVERSION = YES;
				CLANG_WARN_OBJC_IMPLICIT_RETAIN_SELF = YES;
				CLANG_WARN_OBJC_LITERAL_CONVERSION = YES;
				CLANG_WARN_OBJC_ROOT_CLASS = YES_ERROR;
				CLANG_WARN_QUOTED_INCLUDE_IN_FRAMEWORK_HEADER = YES;
				CLANG_WARN_RANGE_LOOP_ANALYSIS = YES;
				CLANG_WARN_STRICT_PROTOTYPES = YES;
				CLANG_WARN_SUSPICIOUS_MOVE = YES;
				CLANG_WARN_UNGUARDED_AVAILABILITY = YES_AGGRESSIVE;
				CLANG_WARN_UNREACHABLE_CODE = YES;
				CLANG_WARN__DUPLICATE_METHOD_MATCH = YES;
				COPY_PHASE_STRIP = NO;
				DEBUG_INFORMATION_FORMAT = "dwarf-with-dsym";
				ENABLE_NS_ASSERTIONS = NO;
				ENABLE_STRICT_OBJC_MSGSEND = YES;
				GCC_C_LANGUAGE_STANDARD = gnu11;
				GCC_NO_COMMON_BLOCKS = YES;
				GCC_WARN_64_TO_32_BIT_CONVERSION = YES;
				GCC_WARN_ABOUT_RETURN_TYPE = YES_ERROR;
				GCC_WARN_UNDECLARED_SELECTOR = YES;
				GCC_WARN_UNINITIALIZED_AUTOS = YES_AGGRESSIVE;
				GCC_WARN_UNUSED_FUNCTION = YES;
				GCC_WARN_UNUSED_VARIABLE = YES;
				IPHONEOS_DEPLOYMENT_TARGET = 14.2;
				MTL_ENABLE_DEBUG_INFO = NO;
				MTL_FAST_MATH = YES;
				SDKROOT = iphoneos;
				SWIFT_COMPILATION_MODE = wholemodule;
				SWIFT_OPTIMIZATION_LEVEL = "-O";
				VALIDATE_PRODUCT = YES;
			};
			name = Release;
		};
		43E78B172561751B001D5FC3 /* Debug */ = {
			isa = XCBuildConfiguration;
			buildSettings = {
				ASSETCATALOG_COMPILER_APPICON_NAME = AppIcon;
				ASSETCATALOG_COMPILER_GLOBAL_ACCENT_COLOR_NAME = AccentColor;
				CODE_SIGN_STYLE = Automatic;
				DEVELOPMENT_ASSET_PATHS = "\"Animals/Preview Content\"";
				DEVELOPMENT_TEAM = H5FW3P622M;
				ENABLE_PREVIEWS = YES;
				INFOPLIST_FILE = Animals/Info.plist;
				IPHONEOS_DEPLOYMENT_TARGET = 14.0;
				LD_RUNPATH_SEARCH_PATHS = (
					"$(inherited)",
					"@executable_path/Frameworks",
				);
				PRODUCT_BUNDLE_IDENTIFIER = com.waincent.Animals;
				PRODUCT_NAME = "$(TARGET_NAME)";
				SWIFT_VERSION = 5.0;
				TARGETED_DEVICE_FAMILY = "1,2";
			};
			name = Debug;
		};
		43E78B182561751B001D5FC3 /* Release */ = {
			isa = XCBuildConfiguration;
			buildSettings = {
				ASSETCATALOG_COMPILER_APPICON_NAME = AppIcon;
				ASSETCATALOG_COMPILER_GLOBAL_ACCENT_COLOR_NAME = AccentColor;
				CODE_SIGN_STYLE = Automatic;
				DEVELOPMENT_ASSET_PATHS = "\"Animals/Preview Content\"";
				DEVELOPMENT_TEAM = H5FW3P622M;
				ENABLE_PREVIEWS = YES;
				INFOPLIST_FILE = Animals/Info.plist;
				IPHONEOS_DEPLOYMENT_TARGET = 14.0;
				LD_RUNPATH_SEARCH_PATHS = (
					"$(inherited)",
					"@executable_path/Frameworks",
				);
				PRODUCT_BUNDLE_IDENTIFIER = com.waincent.Animals;
				PRODUCT_NAME = "$(TARGET_NAME)";
				SWIFT_VERSION = 5.0;
				TARGETED_DEVICE_FAMILY = "1,2";
			};
			name = Release;
		};
		43E78B1A2561751B001D5FC3 /* Debug */ = {
			isa = XCBuildConfiguration;
			buildSettings = {
				ALWAYS_EMBED_SWIFT_STANDARD_LIBRARIES = YES;
				BUNDLE_LOADER = "$(TEST_HOST)";
				CODE_SIGN_STYLE = Automatic;
				DEVELOPMENT_TEAM = H5FW3P622M;
				INFOPLIST_FILE = AnimalsTests/Info.plist;
				IPHONEOS_DEPLOYMENT_TARGET = 14.0;
				LD_RUNPATH_SEARCH_PATHS = (
					"$(inherited)",
					"@executable_path/Frameworks",
					"@loader_path/Frameworks",
				);
				PRODUCT_BUNDLE_IDENTIFIER = com.waincent.AnimalsTests;
				PRODUCT_NAME = "$(TARGET_NAME)";
				SWIFT_VERSION = 5.0;
				TARGETED_DEVICE_FAMILY = "1,2";
				TEST_HOST = "$(BUILT_PRODUCTS_DIR)/Animals.app/Animals";
			};
			name = Debug;
		};
		43E78B1B2561751B001D5FC3 /* Release */ = {
			isa = XCBuildConfiguration;
			buildSettings = {
				ALWAYS_EMBED_SWIFT_STANDARD_LIBRARIES = YES;
				BUNDLE_LOADER = "$(TEST_HOST)";
				CODE_SIGN_STYLE = Automatic;
				DEVELOPMENT_TEAM = H5FW3P622M;
				INFOPLIST_FILE = AnimalsTests/Info.plist;
				IPHONEOS_DEPLOYMENT_TARGET = 14.0;
				LD_RUNPATH_SEARCH_PATHS = (
					"$(inherited)",
					"@executable_path/Frameworks",
					"@loader_path/Frameworks",
				);
				PRODUCT_BUNDLE_IDENTIFIER = com.waincent.AnimalsTests;
				PRODUCT_NAME = "$(TARGET_NAME)";
				SWIFT_VERSION = 5.0;
				TARGETED_DEVICE_FAMILY = "1,2";
				TEST_HOST = "$(BUILT_PRODUCTS_DIR)/Animals.app/Animals";
			};
			name = Release;
		};
		43E78B1D2561751B001D5FC3 /* Debug */ = {
			isa = XCBuildConfiguration;
			buildSettings = {
				ALWAYS_EMBED_SWIFT_STANDARD_LIBRARIES = YES;
				CODE_SIGN_STYLE = Automatic;
				DEVELOPMENT_TEAM = H5FW3P622M;
				INFOPLIST_FILE = AnimalsUITests/Info.plist;
				LD_RUNPATH_SEARCH_PATHS = (
					"$(inherited)",
					"@executable_path/Frameworks",
					"@loader_path/Frameworks",
				);
				PRODUCT_BUNDLE_IDENTIFIER = com.waincent.AnimalsUITests;
				PRODUCT_NAME = "$(TARGET_NAME)";
				SWIFT_VERSION = 5.0;
				TARGETED_DEVICE_FAMILY = "1,2";
				TEST_TARGET_NAME = Animals;
			};
			name = Debug;
		};
		43E78B1E2561751B001D5FC3 /* Release */ = {
			isa = XCBuildConfiguration;
			buildSettings = {
				ALWAYS_EMBED_SWIFT_STANDARD_LIBRARIES = YES;
				CODE_SIGN_STYLE = Automatic;
				DEVELOPMENT_TEAM = H5FW3P622M;
				INFOPLIST_FILE = AnimalsUITests/Info.plist;
				LD_RUNPATH_SEARCH_PATHS = (
					"$(inherited)",
					"@executable_path/Frameworks",
					"@loader_path/Frameworks",
				);
				PRODUCT_BUNDLE_IDENTIFIER = com.waincent.AnimalsUITests;
				PRODUCT_NAME = "$(TARGET_NAME)";
				SWIFT_VERSION = 5.0;
				TARGETED_DEVICE_FAMILY = "1,2";
				TEST_TARGET_NAME = Animals;
			};
			name = Release;
		};
/* End XCBuildConfiguration section */

/* Begin XCConfigurationList section */
		43E78AEC25617517001D5FC3 /* Build configuration list for PBXProject "Animals" */ = {
			isa = XCConfigurationList;
			buildConfigurations = (
				43E78B142561751B001D5FC3 /* Debug */,
				43E78B152561751B001D5FC3 /* Release */,
			);
			defaultConfigurationIsVisible = 0;
			defaultConfigurationName = Release;
		};
		43E78B162561751B001D5FC3 /* Build configuration list for PBXNativeTarget "Animals" */ = {
			isa = XCConfigurationList;
			buildConfigurations = (
				43E78B172561751B001D5FC3 /* Debug */,
				43E78B182561751B001D5FC3 /* Release */,
			);
			defaultConfigurationIsVisible = 0;
			defaultConfigurationName = Release;
		};
		43E78B192561751B001D5FC3 /* Build configuration list for PBXNativeTarget "AnimalsTests" */ = {
			isa = XCConfigurationList;
			buildConfigurations = (
				43E78B1A2561751B001D5FC3 /* Debug */,
				43E78B1B2561751B001D5FC3 /* Release */,
			);
			defaultConfigurationIsVisible = 0;
			defaultConfigurationName = Release;
		};
		43E78B1C2561751B001D5FC3 /* Build configuration list for PBXNativeTarget "AnimalsUITests" */ = {
			isa = XCConfigurationList;
			buildConfigurations = (
				43E78B1D2561751B001D5FC3 /* Debug */,
				43E78B1E2561751B001D5FC3 /* Release */,
			);
			defaultConfigurationIsVisible = 0;
			defaultConfigurationName = Release;
		};
/* End XCConfigurationList section */
	};
	rootObject = 43E78AE925617517001D5FC3 /* Project object */;
}
